
Microsoft Visual Studio Solution File, Format Version 12.00
# Visual Studio Version 17
VisualStudioVersion = 17.7.34202.233
MinimumVisualStudioVersion = 10.0.40219.1
Project("{FAE04EC0-301F-11D3-BF4B-00C04F79EFBC}") = "DAMMatrix", "DAMMatrix\DAMMatrix.csproj", "{366C945C-5715-4984-943E-8EABB5B5D95E}"
EndProject
Project("{FAE04EC0-301F-11D3-BF4B-00C04F79EFBC}") = "DAMComponentLibrary", "DAMComponentLibrary\DAMComponentLibrary.csproj", "{EB542EFE-2C40-4888-BED2-7AD8D7DC0B72}"
EndProject
Global
	GlobalSection(SolutionConfigurationPlatforms) = preSolution
		Debug|Any CPU = Debug|Any CPU
		Release|Any CPU = Release|Any CPU
	EndGlobalSection
	GlobalSection(ProjectConfigurationPlatforms) = postSolution
		{366C945C-5715-4984-943E-8EABB5B5D95E}.Debug|Any CPU.ActiveCfg = Debug|Any CPU
		{366C945C-5715-4984-943E-8EABB5B5D95E}.Debug|Any CPU.Build.0 = Debug|Any CPU
		{366C945C-5715-4984-943E-8EABB5B5D95E}.Release|Any CPU.ActiveCfg = Release|Any CPU
		{366C945C-5715-4984-943E-8EABB5B5D95E}.Release|Any CPU.Build.0 = Release|Any CPU
		{EB542EFE-2C40-4888-BED2-7AD8D7DC0B72}.Debug|Any CPU.ActiveCfg = Debug|Any CPU
		{EB542EFE-2C40-4888-BED2-7AD8D7DC0B72}.Debug|Any CPU.Build.0 = Debug|Any CPU
		{EB542EFE-2C40-4888-BED2-7AD8D7DC0B72}.Release|Any CPU.ActiveCfg = Release|Any CPU
		{EB542EFE-2C40-4888-BED2-7AD8D7DC0B72}.Release|Any CPU.Build.0 = Release|Any CPU
	EndGlobalSection
	GlobalSection(SolutionProperties) = preSolution
		HideSolutionNode = FALSE
	EndGlobalSection
	GlobalSection(ExtensibilityGlobals) = postSolution
		SolutionGuid = {1334F72F-4134-4B30-A757-55A3F8EC1F25}
	EndGlobalSection
EndGlobal
